
Microsoft Visual Studio Solution File, Format Version 12.00
# Visual Studio 2013
VisualStudioVersion = 12.0.21005.1
MinimumVisualStudioVersion = 10.0.40219.1
Project("{FAE04EC0-301F-11D3-BF4B-00C04F79EFBC}") = "BladowCasey_ex12_10", "BladowCasey_ex12_10\BladowCasey_ex12_10.csproj", "{95CD7076-D0D5-4DD8-BE41-0F549C085A18}"
EndProject
Project("{FAE04EC0-301F-11D3-BF4B-00C04F79EFBC}") = "ShapeTest", "ConsoleApplication2\ShapeTest.csproj", "{F458FF07-E41C-4FCC-A421-47647F544EFB}"
EndProject
Global
	GlobalSection(SolutionConfigurationPlatforms) = preSolution
		Debug|Any CPU = Debug|Any CPU
		Release|Any CPU = Release|Any CPU
	EndGlobalSection
	GlobalSection(ProjectConfigurationPlatforms) = postSolution
		{95CD7076-D0D5-4DD8-BE41-0F549C085A18}.Debug|Any CPU.ActiveCfg = Debug|Any CPU
		{95CD7076-D0D5-4DD8-BE41-0F549C085A18}.Debug|Any CPU.Build.0 = Debug|Any CPU
		{95CD7076-D0D5-4DD8-BE41-0F549C085A18}.Release|Any CPU.ActiveCfg = Release|Any CPU
		{95CD7076-D0D5-4DD8-BE41-0F549C085A18}.Release|Any CPU.Build.0 = Release|Any CPU
		{F458FF07-E41C-4FCC-A421-47647F544EFB}.Debug|Any CPU.ActiveCfg = Debug|Any CPU
		{F458FF07-E41C-4FCC-A421-47647F544EFB}.Debug|Any CPU.Build.0 = Debug|Any CPU
		{F458FF07-E41C-4FCC-A421-47647F544EFB}.Release|Any CPU.ActiveCfg = Release|Any CPU
		{F458FF07-E41C-4FCC-A421-47647F544EFB}.Release|Any CPU.Build.0 = Release|Any CPU
	EndGlobalSection
	GlobalSection(SolutionProperties) = preSolution
		HideSolutionNode = FALSE
	EndGlobalSection
EndGlobal
