
Microsoft Visual Studio Solution File, Format Version 12.00
# Visual Studio 2013
VisualStudioVersion = 12.0.21005.1
MinimumVisualStudioVersion = 10.0.40219.1
Project("{FAE04EC0-301F-11D3-BF4B-00C04F79EFBC}") = "BladowCasey_ex20_07", "BladowCasey_ex20_07\BladowCasey_ex20_07.csproj", "{543DDF91-ADD4-433A-BB63-465795653DED}"
EndProject
Global
	GlobalSection(SolutionConfigurationPlatforms) = preSolution
		Debug|Any CPU = Debug|Any CPU
		Release|Any CPU = Release|Any CPU
	EndGlobalSection
	GlobalSection(ProjectConfigurationPlatforms) = postSolution
		{543DDF91-ADD4-433A-BB63-465795653DED}.Debug|Any CPU.ActiveCfg = Debug|Any CPU
		{543DDF91-ADD4-433A-BB63-465795653DED}.Debug|Any CPU.Build.0 = Debug|Any CPU
		{543DDF91-ADD4-433A-BB63-465795653DED}.Release|Any CPU.ActiveCfg = Release|Any CPU
		{543DDF91-ADD4-433A-BB63-465795653DED}.Release|Any CPU.Build.0 = Release|Any CPU
	EndGlobalSection
	GlobalSection(SolutionProperties) = preSolution
		HideSolutionNode = FALSE
	EndGlobalSection
EndGlobal
